// !$*UTF8*$!
{
	archiveVersion = 1;
	classes = {
	};
	objectVersion = 50;
	objects = {

/* Begin PBXBuildFile section */
		4997885C2547362E00F48999 /* LoadData.swift in Sources */ = {isa = PBXBuildFile; fileRef = 4997885B2547362E00F48999 /* LoadData.swift */; };
		49A438392541EA5C0005ABBD /* AppDelegate.swift in Sources */ = {isa = PBXBuildFile; fileRef = 49A438382541EA5C0005ABBD /* AppDelegate.swift */; };
		49A4383B2541EA5C0005ABBD /* SceneDelegate.swift in Sources */ = {isa = PBXBuildFile; fileRef = 49A4383A2541EA5C0005ABBD /* SceneDelegate.swift */; };
		49A4383D2541EA5C0005ABBD /* ViewController.swift in Sources */ = {isa = PBXBuildFile; fileRef = 49A4383C2541EA5C0005ABBD /* ViewController.swift */; };
		49A438402541EA5C0005ABBD /* Main.storyboard in Resources */ = {isa = PBXBuildFile; fileRef = 49A4383E2541EA5C0005ABBD /* Main.storyboard */; };
		49A438432541EA5C0005ABBD /* tableTest.xcdatamodeld in Sources */ = {isa = PBXBuildFile; fileRef = 49A438412541EA5C0005ABBD /* tableTest.xcdatamodeld */; };
		49A438452541EA5D0005ABBD /* Assets.xcassets in Resources */ = {isa = PBXBuildFile; fileRef = 49A438442541EA5D0005ABBD /* Assets.xcassets */; };
		49A438482541EA5D0005ABBD /* LaunchScreen.storyboard in Resources */ = {isa = PBXBuildFile; fileRef = 49A438462541EA5D0005ABBD /* LaunchScreen.storyboard */; };
		49A438532541EA5E0005ABBD /* tableTestTests.swift in Sources */ = {isa = PBXBuildFile; fileRef = 49A438522541EA5E0005ABBD /* tableTestTests.swift */; };
		49A4385E2541EA5E0005ABBD /* tableTestUITests.swift in Sources */ = {isa = PBXBuildFile; fileRef = 49A4385D2541EA5E0005ABBD /* tableTestUITests.swift */; };
/* End PBXBuildFile section */

/* Begin PBXContainerItemProxy section */
		49A4384F2541EA5E0005ABBD /* PBXContainerItemProxy */ = {
			isa = PBXContainerItemProxy;
			containerPortal = 49A4382D2541EA5B0005ABBD /* Project object */;
			proxyType = 1;
			remoteGlobalIDString = 49A438342541EA5C0005ABBD;
			remoteInfo = tableTest;
		};
		49A4385A2541EA5E0005ABBD /* PBXContainerItemProxy */ = {
			isa = PBXContainerItemProxy;
			containerPortal = 49A4382D2541EA5B0005ABBD /* Project object */;
			proxyType = 1;
			remoteGlobalIDString = 49A438342541EA5C0005ABBD;
			remoteInfo = tableTest;
		};
/* End PBXContainerItemProxy section */

/* Begin PBXFileReference section */
		4997885B2547362E00F48999 /* LoadData.swift */ = {isa = PBXFileReference; lastKnownFileType = sourcecode.swift; path = LoadData.swift; sourceTree = "<group>"; };
		49A438352541EA5C0005ABBD /* tableTest.app */ = {isa = PBXFileReference; explicitFileType = wrapper.application; includeInIndex = 0; path = tableTest.app; sourceTree = BUILT_PRODUCTS_DIR; };
		49A438382541EA5C0005ABBD /* AppDelegate.swift */ = {isa = PBXFileReference; lastKnownFileType = sourcecode.swift; path = AppDelegate.swift; sourceTree = "<group>"; };
		49A4383A2541EA5C0005ABBD /* SceneDelegate.swift */ = {isa = PBXFileReference; lastKnownFileType = sourcecode.swift; path = SceneDelegate.swift; sourceTree = "<group>"; };
		49A4383C2541EA5C0005ABBD /* ViewController.swift */ = {isa = PBXFileReference; lastKnownFileType = sourcecode.swift; path = ViewController.swift; sourceTree = "<group>"; };
		49A4383F2541EA5C0005ABBD /* Base */ = {isa = PBXFileReference; lastKnownFileType = file.storyboard; name = Base; path = Base.lproj/Main.storyboard; sourceTree = "<group>"; };
		49A438422541EA5C0005ABBD /* tableTest.xcdatamodel */ = {isa = PBXFileReference; lastKnownFileType = wrapper.xcdatamodel; path = tableTest.xcdatamodel; sourceTree = "<group>"; };
		49A438442541EA5D0005ABBD /* Assets.xcassets */ = {isa = PBXFileReference; lastKnownFileType = folder.assetcatalog; path = Assets.xcassets; sourceTree = "<group>"; };
		49A438472541EA5D0005ABBD /* Base */ = {isa = PBXFileReference; lastKnownFileType = file.storyboard; name = Base; path = Base.lproj/LaunchScreen.storyboard; sourceTree = "<group>"; };
		49A438492541EA5D0005ABBD /* Info.plist */ = {isa = PBXFileReference; lastKnownFileType = text.plist.xml; path = Info.plist; sourceTree = "<group>"; };
		49A4384E2541EA5E0005ABBD /* tableTestTests.xctest */ = {isa = PBXFileReference; explicitFileType = wrapper.cfbundle; includeInIndex = 0; path = tableTestTests.xctest; sourceTree = BUILT_PRODUCTS_DIR; };
		49A438522541EA5E0005ABBD /* tableTestTests.swift */ = {isa = PBXFileReference; lastKnownFileType = sourcecode.swift; path = tableTestTests.swift; sourceTree = "<group>"; };
		49A438542541EA5E0005ABBD /* Info.plist */ = {isa = PBXFileReference; lastKnownFileType = text.plist.xml; path = Info.plist; sourceTree = "<group>"; };
		49A438592541EA5E0005ABBD /* tableTestUITests.xctest */ = {isa = PBXFileReference; explicitFileType = wrapper.cfbundle; includeInIndex = 0; path = tableTestUITests.xctest; sourceTree = BUILT_PRODUCTS_DIR; };
		49A4385D2541EA5E0005ABBD /* tableTestUITests.swift */ = {isa = PBXFileReference; lastKnownFileType = sourcecode.swift; path = tableTestUITests.swift; sourceTree = "<group>"; };
		49A4385F2541EA5E0005ABBD /* Info.plist */ = {isa = PBXFileReference; lastKnownFileType = text.plist.xml; path = Info.plist; sourceTree = "<group>"; };
/* End PBXFileReference section */

/* Begin PBXFrameworksBuildPhase section */
		49A438322541EA5C0005ABBD /* Frameworks */ = {
			isa = PBXFrameworksBuildPhase;
			buildActionMask = 2147483647;
			files = (
			);
			runOnlyForDeploymentPostprocessing = 0;
		};
		49A4384B2541EA5E0005ABBD /* Frameworks */ = {
			isa = PBXFrameworksBuildPhase;
			buildActionMask = 2147483647;
			files = (
			);
			runOnlyForDeploymentPostprocessing = 0;
		};
		49A438562541EA5E0005ABBD /* Frameworks */ = {
			isa = PBXFrameworksBuildPhase;
			buildActionMask = 2147483647;
			files = (
			);
			runOnlyForDeploymentPostprocessing = 0;
		};
/* End PBXFrameworksBuildPhase section */

/* Begin PBXGroup section */
		4997885A254735DB00F48999 /* Services */ = {
			isa = PBXGroup;
			children = (
				4997885B2547362E00F48999 /* LoadData.swift */,
			);
			path = Services;
			sourceTree = "<group>";
		};
		49A4382C2541EA5B0005ABBD = {
			isa = PBXGroup;
			children = (
				49A438372541EA5C0005ABBD /* tableTest */,
				49A438512541EA5E0005ABBD /* tableTestTests */,
				49A4385C2541EA5E0005ABBD /* tableTestUITests */,
				49A438362541EA5C0005ABBD /* Products */,
			);
			sourceTree = "<group>";
		};
		49A438362541EA5C0005ABBD /* Products */ = {
			isa = PBXGroup;
			children = (
				49A438352541EA5C0005ABBD /* tableTest.app */,
				49A4384E2541EA5E0005ABBD /* tableTestTests.xctest */,
				49A438592541EA5E0005ABBD /* tableTestUITests.xctest */,
			);
			name = Products;
			sourceTree = "<group>";
		};
		49A438372541EA5C0005ABBD /* tableTest */ = {
			isa = PBXGroup;
			children = (
				4997885A254735DB00F48999 /* Services */,
				49A438382541EA5C0005ABBD /* AppDelegate.swift */,
				49A4383A2541EA5C0005ABBD /* SceneDelegate.swift */,
				49A4383C2541EA5C0005ABBD /* ViewController.swift */,
				49A4383E2541EA5C0005ABBD /* Main.storyboard */,
				49A438442541EA5D0005ABBD /* Assets.xcassets */,
				49A438462541EA5D0005ABBD /* LaunchScreen.storyboard */,
				49A438492541EA5D0005ABBD /* Info.plist */,
				49A438412541EA5C0005ABBD /* tableTest.xcdatamodeld */,
			);
			path = tableTest;
			sourceTree = "<group>";
		};
		49A438512541EA5E0005ABBD /* tableTestTests */ = {
			isa = PBXGroup;
			children = (
				49A438522541EA5E0005ABBD /* tableTestTests.swift */,
				49A438542541EA5E0005ABBD /* Info.plist */,
			);
			path = tableTestTests;
			sourceTree = "<group>";
		};
		49A4385C2541EA5E0005ABBD /* tableTestUITests */ = {
			isa = PBXGroup;
			children = (
				49A4385D2541EA5E0005ABBD /* tableTestUITests.swift */,
				49A4385F2541EA5E0005ABBD /* Info.plist */,
			);
			path = tableTestUITests;
			sourceTree = "<group>";
		};
/* End PBXGroup section */

/* Begin PBXNativeTarget section */
		49A438342541EA5C0005ABBD /* tableTest */ = {
			isa = PBXNativeTarget;
			buildConfigurationList = 49A438622541EA5E0005ABBD /* Build configuration list for PBXNativeTarget "tableTest" */;
			buildPhases = (
				49A438312541EA5C0005ABBD /* Sources */,
				49A438322541EA5C0005ABBD /* Frameworks */,
				49A438332541EA5C0005ABBD /* Resources */,
			);
			buildRules = (
			);
			dependencies = (
			);
			name = tableTest;
			productName = tableTest;
			productReference = 49A438352541EA5C0005ABBD /* tableTest.app */;
			productType = "com.apple.product-type.application";
		};
		49A4384D2541EA5E0005ABBD /* tableTestTests */ = {
			isa = PBXNativeTarget;
			buildConfigurationList = 49A438652541EA5E0005ABBD /* Build configuration list for PBXNativeTarget "tableTestTests" */;
			buildPhases = (
				49A4384A2541EA5E0005ABBD /* Sources */,
				49A4384B2541EA5E0005ABBD /* Frameworks */,
				49A4384C2541EA5E0005ABBD /* Resources */,
			);
			buildRules = (
			);
			dependencies = (
				49A438502541EA5E0005ABBD /* PBXTargetDependency */,
			);
			name = tableTestTests;
			productName = tableTestTests;
			productReference = 49A4384E2541EA5E0005ABBD /* tableTestTests.xctest */;
			productType = "com.apple.product-type.bundle.unit-test";
		};
		49A438582541EA5E0005ABBD /* tableTestUITests */ = {
			isa = PBXNativeTarget;
			buildConfigurationList = 49A438682541EA5E0005ABBD /* Build configuration list for PBXNativeTarget "tableTestUITests" */;
			buildPhases = (
				49A438552541EA5E0005ABBD /* Sources */,
				49A438562541EA5E0005ABBD /* Frameworks */,
				49A438572541EA5E0005ABBD /* Resources */,
			);
			buildRules = (
			);
			dependencies = (
				49A4385B2541EA5E0005ABBD /* PBXTargetDependency */,
			);
			name = tableTestUITests;
			productName = tableTestUITests;
			productReference = 49A438592541EA5E0005ABBD /* tableTestUITests.xctest */;
			productType = "com.apple.product-type.bundle.ui-testing";
		};
/* End PBXNativeTarget section */

/* Begin PBXProject section */
		49A4382D2541EA5B0005ABBD /* Project object */ = {
			isa = PBXProject;
			attributes = {
				LastSwiftUpdateCheck = 1200;
				LastUpgradeCheck = 1200;
				TargetAttributes = {
					49A438342541EA5C0005ABBD = {
						CreatedOnToolsVersion = 12.0.1;
					};
					49A4384D2541EA5E0005ABBD = {
						CreatedOnToolsVersion = 12.0.1;
						TestTargetID = 49A438342541EA5C0005ABBD;
					};
					49A438582541EA5E0005ABBD = {
						CreatedOnToolsVersion = 12.0.1;
						TestTargetID = 49A438342541EA5C0005ABBD;
					};
				};
			};
			buildConfigurationList = 49A438302541EA5B0005ABBD /* Build configuration list for PBXProject "tableTest" */;
			compatibilityVersion = "Xcode 9.3";
			developmentRegion = en;
			hasScannedForEncodings = 0;
			knownRegions = (
				en,
				Base,
			);
			mainGroup = 49A4382C2541EA5B0005ABBD;
			productRefGroup = 49A438362541EA5C0005ABBD /* Products */;
			projectDirPath = "";
			projectRoot = "";
			targets = (
				49A438342541EA5C0005ABBD /* tableTest */,
				49A4384D2541EA5E0005ABBD /* tableTestTests */,
				49A438582541EA5E0005ABBD /* tableTestUITests */,
			);
		};
/* End PBXProject section */

/* Begin PBXResourcesBuildPhase section */
		49A438332541EA5C0005ABBD /* Resources */ = {
			isa = PBXResourcesBuildPhase;
			buildActionMask = 2147483647;
			files = (
				49A438482541EA5D0005ABBD /* LaunchScreen.storyboard in Resources */,
				49A438452541EA5D0005ABBD /* Assets.xcassets in Resources */,
				49A438402541EA5C0005ABBD /* Main.storyboard in Resources */,
			);
			runOnlyForDeploymentPostprocessing = 0;
		};
		49A4384C2541EA5E0005ABBD /* Resources */ = {
			isa = PBXResourcesBuildPhase;
			buildActionMask = 2147483647;
			files = (
			);
			runOnlyForDeploymentPostprocessing = 0;
		};
		49A438572541EA5E0005ABBD /* Resources */ = {
			isa = PBXResourcesBuildPhase;
			buildActionMask = 2147483647;
			files = (
			);
			runOnlyForDeploymentPostprocessing = 0;
		};
/* End PBXResourcesBuildPhase section */

/* Begin PBXSourcesBuildPhase section */
		49A438312541EA5C0005ABBD /* Sources */ = {
			isa = PBXSourcesBuildPhase;
			buildActionMask = 2147483647;
			files = (
				49A4383D2541EA5C0005ABBD /* ViewController.swift in Sources */,
				4997885C2547362E00F48999 /* LoadData.swift in Sources */,
				49A438392541EA5C0005ABBD /* AppDelegate.swift in Sources */,
				49A438432541EA5C0005ABBD /* tableTest.xcdatamodeld in Sources */,
				49A4383B2541EA5C0005ABBD /* SceneDelegate.swift in Sources */,
			);
			runOnlyForDeploymentPostprocessing = 0;
		};
		49A4384A2541EA5E0005ABBD /* Sources */ = {
			isa = PBXSourcesBuildPhase;
			buildActionMask = 2147483647;
			files = (
				49A438532541EA5E0005ABBD /* tableTestTests.swift in Sources */,
			);
			runOnlyForDeploymentPostprocessing = 0;
		};
		49A438552541EA5E0005ABBD /* Sources */ = {
			isa = PBXSourcesBuildPhase;
			buildActionMask = 2147483647;
			files = (
				49A4385E2541EA5E0005ABBD /* tableTestUITests.swift in Sources */,
			);
			runOnlyForDeploymentPostprocessing = 0;
		};
/* End PBXSourcesBuildPhase section */

/* Begin PBXTargetDependency section */
		49A438502541EA5E0005ABBD /* PBXTargetDependency */ = {
			isa = PBXTargetDependency;
			target = 49A438342541EA5C0005ABBD /* tableTest */;
			targetProxy = 49A4384F2541EA5E0005ABBD /* PBXContainerItemProxy */;
		};
		49A4385B2541EA5E0005ABBD /* PBXTargetDependency */ = {
			isa = PBXTargetDependency;
			target = 49A438342541EA5C0005ABBD /* tableTest */;
			targetProxy = 49A4385A2541EA5E0005ABBD /* PBXContainerItemProxy */;
		};
/* End PBXTargetDependency section */

/* Begin PBXVariantGroup section */
		49A4383E2541EA5C0005ABBD /* Main.storyboard */ = {
			isa = PBXVariantGroup;
			children = (
				49A4383F2541EA5C0005ABBD /* Base */,
			);
			name = Main.storyboard;
			sourceTree = "<group>";
		};
		49A438462541EA5D0005ABBD /* LaunchScreen.storyboard */ = {
			isa = PBXVariantGroup;
			children = (
				49A438472541EA5D0005ABBD /* Base */,
			);
			name = LaunchScreen.storyboard;
			sourceTree = "<group>";
		};
/* End PBXVariantGroup section */

/* Begin XCBuildConfiguration section */
		49A438602541EA5E0005ABBD /* Debug */ = {
			isa = XCBuildConfiguration;
			buildSettings = {
				ALWAYS_SEARCH_USER_PATHS = NO;
				CLANG_ANALYZER_NONNULL = YES;
				CLANG_ANALYZER_NUMBER_OBJECT_CONVERSION = YES_AGGRESSIVE;
				CLANG_CXX_LANGUAGE_STANDARD = "gnu++14";
				CLANG_CXX_LIBRARY = "libc++";
				CLANG_ENABLE_MODULES = YES;
				CLANG_ENABLE_OBJC_ARC = YES;
				CLANG_ENABLE_OBJC_WEAK = YES;
				CLANG_WARN_BLOCK_CAPTURE_AUTORELEASING = YES;
				CLANG_WARN_BOOL_CONVERSION = YES;
				CLANG_WARN_COMMA = YES;
				CLANG_WARN_CONSTANT_CONVERSION = YES;
				CLANG_WARN_DEPRECATED_OBJC_IMPLEMENTATIONS = YES;
				CLANG_WARN_DIRECT_OBJC_ISA_USAGE = YES_ERROR;
				CLANG_WARN_DOCUMENTATION_COMMENTS = YES;
				CLANG_WARN_EMPTY_BODY = YES;
				CLANG_WARN_ENUM_CONVERSION = YES;
				CLANG_WARN_INFINITE_RECURSION = YES;
				CLANG_WARN_INT_CONVERSION = YES;
				CLANG_WARN_NON_LITERAL_NULL_CONVERSION = YES;
				CLANG_WARN_OBJC_IMPLICIT_RETAIN_SELF = YES;
				CLANG_WARN_OBJC_LITERAL_CONVERSION = YES;
				CLANG_WARN_OBJC_ROOT_CLASS = YES_ERROR;
				CLANG_WARN_QUOTED_INCLUDE_IN_FRAMEWORK_HEADER = YES;
				CLANG_WARN_RANGE_LOOP_ANALYSIS = YES;
				CLANG_WARN_STRICT_PROTOTYPES = YES;
				CLANG_WARN_SUSPICIOUS_MOVE = YES;
				CLANG_WARN_UNGUARDED_AVAILABILITY = YES_AGGRESSIVE;
				CLANG_WARN_UNREACHABLE_CODE = YES;
				CLANG_WARN__DUPLICATE_METHOD_MATCH = YES;
				COPY_PHASE_STRIP = NO;
				DEBUG_INFORMATION_FORMAT = dwarf;
				ENABLE_STRICT_OBJC_MSGSEND = YES;
				ENABLE_TESTABILITY = YES;
				GCC_C_LANGUAGE_STANDARD = gnu11;
				GCC_DYNAMIC_NO_PIC = NO;
				GCC_NO_COMMON_BLOCKS = YES;
				GCC_OPTIMIZATION_LEVEL = 0;
				GCC_PREPROCESSOR_DEFINITIONS = (
					"DEBUG=1",
					"$(inherited)",
				);
				GCC_WARN_64_TO_32_BIT_CONVERSION = YES;
				GCC_WARN_ABOUT_RETURN_TYPE = YES_ERROR;
				GCC_WARN_UNDECLARED_SELECTOR = YES;
				GCC_WARN_UNINITIALIZED_AUTOS = YES_AGGRESSIVE;
				GCC_WARN_UNUSED_FUNCTION = YES;
				GCC_WARN_UNUSED_VARIABLE = YES;
				IPHONEOS_DEPLOYMENT_TARGET = 14.0;
				MTL_ENABLE_DEBUG_INFO = INCLUDE_SOURCE;
				MTL_FAST_MATH = YES;
				ONLY_ACTIVE_ARCH = YES;
				SDKROOT = iphoneos;
				SWIFT_ACTIVE_COMPILATION_CONDITIONS = DEBUG;
				SWIFT_OPTIMIZATION_LEVEL = "-Onone";
			};
			name = Debug;
		};
		49A438612541EA5E0005ABBD /* Release */ = {
			isa = XCBuildConfiguration;
			buildSettings = {
				ALWAYS_SEARCH_USER_PATHS = NO;
				CLANG_ANALYZER_NONNULL = YES;
				CLANG_ANALYZER_NUMBER_OBJECT_CONVERSION = YES_AGGRESSIVE;
				CLANG_CXX_LANGUAGE_STANDARD = "gnu++14";
				CLANG_CXX_LIBRARY = "libc++";
				CLANG_ENABLE_MODULES = YES;
				CLANG_ENABLE_OBJC_ARC = YES;
				CLANG_ENABLE_OBJC_WEAK = YES;
				CLANG_WARN_BLOCK_CAPTURE_AUTORELEASING = YES;
				CLANG_WARN_BOOL_CONVERSION = YES;
				CLANG_WARN_COMMA = YES;
				CLANG_WARN_CONSTANT_CONVERSION = YES;
				CLANG_WARN_DEPRECATED_OBJC_IMPLEMENTATIONS = YES;
				CLANG_WARN_DIRECT_OBJC_ISA_USAGE = YES_ERROR;
				CLANG_WARN_DOCUMENTATION_COMMENTS = YES;
				CLANG_WARN_EMPTY_BODY = YES;
				CLANG_WARN_ENUM_CONVERSION = YES;
				CLANG_WARN_INFINITE_RECURSION = YES;
				CLANG_WARN_INT_CONVERSION = YES;
				CLANG_WARN_NON_LITERAL_NULL_CONVERSION = YES;
				CLANG_WARN_OBJC_IMPLICIT_RETAIN_SELF = YES;
				CLANG_WARN_OBJC_LITERAL_CONVERSION = YES;
				CLANG_WARN_OBJC_ROOT_CLASS = YES_ERROR;
				CLANG_WARN_QUOTED_INCLUDE_IN_FRAMEWORK_HEADER = YES;
				CLANG_WARN_RANGE_LOOP_ANALYSIS = YES;
				CLANG_WARN_STRICT_PROTOTYPES = YES;
				CLANG_WARN_SUSPICIOUS_MOVE = YES;
				CLANG_WARN_UNGUARDED_AVAILABILITY = YES_AGGRESSIVE;
				CLANG_WARN_UNREACHABLE_CODE = YES;
				CLANG_WARN__DUPLICATE_METHOD_MATCH = YES;
				COPY_PHASE_STRIP = NO;
				DEBUG_INFORMATION_FORMAT = "dwarf-with-dsym";
				ENABLE_NS_ASSERTIONS = NO;
				ENABLE_STRICT_OBJC_MSGSEND = YES;
				GCC_C_LANGUAGE_STANDARD = gnu11;
				GCC_NO_COMMON_BLOCKS = YES;
				GCC_WARN_64_TO_32_BIT_CONVERSION = YES;
				GCC_WARN_ABOUT_RETURN_TYPE = YES_ERROR;
				GCC_WARN_UNDECLARED_SELECTOR = YES;
				GCC_WARN_UNINITIALIZED_AUTOS = YES_AGGRESSIVE;
				GCC_WARN_UNUSED_FUNCTION = YES;
				GCC_WARN_UNUSED_VARIABLE = YES;
				IPHONEOS_DEPLOYMENT_TARGET = 14.0;
				MTL_ENABLE_DEBUG_INFO = NO;
				MTL_FAST_MATH = YES;
				SDKROOT = iphoneos;
				SWIFT_COMPILATION_MODE = wholemodule;
				SWIFT_OPTIMIZATION_LEVEL = "-O";
				VALIDATE_PRODUCT = YES;
			};
			name = Release;
		};
		49A438632541EA5E0005ABBD /* Debug */ = {
			isa = XCBuildConfiguration;
			buildSettings = {
				ASSETCATALOG_COMPILER_APPICON_NAME = AppIcon;
				ASSETCATALOG_COMPILER_GLOBAL_ACCENT_COLOR_NAME = AccentColor;
				CODE_SIGN_STYLE = Automatic;
				DEVELOPMENT_TEAM = 5NV7G22QNQ;
				INFOPLIST_FILE = tableTest/Info.plist;
				LD_RUNPATH_SEARCH_PATHS = (
					"$(inherited)",
					"@executable_path/Frameworks",
				);
				PRODUCT_BUNDLE_IDENTIFIER = ElementSoft.tableTest;
				PRODUCT_NAME = "$(TARGET_NAME)";
				SWIFT_VERSION = 5.0;
				TARGETED_DEVICE_FAMILY = "1,2";
			};
			name = Debug;
		};
		49A438642541EA5E0005ABBD /* Release */ = {
			isa = XCBuildConfiguration;
			buildSettings = {
				ASSETCATALOG_COMPILER_APPICON_NAME = AppIcon;
				ASSETCATALOG_COMPILER_GLOBAL_ACCENT_COLOR_NAME = AccentColor;
				CODE_SIGN_STYLE = Automatic;
				DEVELOPMENT_TEAM = 5NV7G22QNQ;
				INFOPLIST_FILE = tableTest/Info.plist;
				LD_RUNPATH_SEARCH_PATHS = (
					"$(inherited)",
					"@executable_path/Frameworks",
				);
				PRODUCT_BUNDLE_IDENTIFIER = ElementSoft.tableTest;
				PRODUCT_NAME = "$(TARGET_NAME)";
				SWIFT_VERSION = 5.0;
				TARGETED_DEVICE_FAMILY = "1,2";
			};
			name = Release;
		};
		49A438662541EA5E0005ABBD /* Debug */ = {
			isa = XCBuildConfiguration;
			buildSettings = {
				ALWAYS_EMBED_SWIFT_STANDARD_LIBRARIES = YES;
				BUNDLE_LOADER = "$(TEST_HOST)";
				CODE_SIGN_STYLE = Automatic;
				DEVELOPMENT_TEAM = 5NV7G22QNQ;
				INFOPLIST_FILE = tableTestTests/Info.plist;
				IPHONEOS_DEPLOYMENT_TARGET = 14.0;
				LD_RUNPATH_SEARCH_PATHS = (
					"$(inherited)",
					"@executable_path/Frameworks",
					"@loader_path/Frameworks",
				);
				PRODUCT_BUNDLE_IDENTIFIER = ElementSoft.tableTestTests;
				PRODUCT_NAME = "$(TARGET_NAME)";
				SWIFT_VERSION = 5.0;
				TARGETED_DEVICE_FAMILY = "1,2";
				TEST_HOST = "$(BUILT_PRODUCTS_DIR)/tableTest.app/tableTest";
			};
			name = Debug;
		};
		49A438672541EA5E0005ABBD /* Release */ = {
			isa = XCBuildConfiguration;
			buildSettings = {
				ALWAYS_EMBED_SWIFT_STANDARD_LIBRARIES = YES;
				BUNDLE_LOADER = "$(TEST_HOST)";
				CODE_SIGN_STYLE = Automatic;
				DEVELOPMENT_TEAM = 5NV7G22QNQ;
				INFOPLIST_FILE = tableTestTests/Info.plist;
				IPHONEOS_DEPLOYMENT_TARGET = 14.0;
				LD_RUNPATH_SEARCH_PATHS = (
					"$(inherited)",
					"@executable_path/Frameworks",
					"@loader_path/Frameworks",
				);
				PRODUCT_BUNDLE_IDENTIFIER = ElementSoft.tableTestTests;
				PRODUCT_NAME = "$(TARGET_NAME)";
				SWIFT_VERSION = 5.0;
				TARGETED_DEVICE_FAMILY = "1,2";
				TEST_HOST = "$(BUILT_PRODUCTS_DIR)/tableTest.app/tableTest";
			};
			name = Release;
		};
		49A438692541EA5E0005ABBD /* Debug */ = {
			isa = XCBuildConfiguration;
			buildSettings = {
				ALWAYS_EMBED_SWIFT_STANDARD_LIBRARIES = YES;
				CODE_SIGN_STYLE = Automatic;
				DEVELOPMENT_TEAM = 5NV7G22QNQ;
				INFOPLIST_FILE = tableTestUITests/Info.plist;
				LD_RUNPATH_SEARCH_PATHS = (
					"$(inherited)",
					"@executable_path/Frameworks",
					"@loader_path/Frameworks",
				);
				PRODUCT_BUNDLE_IDENTIFIER = ElementSoft.tableTestUITests;
				PRODUCT_NAME = "$(TARGET_NAME)";
				SWIFT_VERSION = 5.0;
				TARGETED_DEVICE_FAMILY = "1,2";
				TEST_TARGET_NAME = tableTest;
			};
			name = Debug;
		};
		49A4386A2541EA5E0005ABBD /* Release */ = {
			isa = XCBuildConfiguration;
			buildSettings = {
				ALWAYS_EMBED_SWIFT_STANDARD_LIBRARIES = YES;
				CODE_SIGN_STYLE = Automatic;
				DEVELOPMENT_TEAM = 5NV7G22QNQ;
				INFOPLIST_FILE = tableTestUITests/Info.plist;
				LD_RUNPATH_SEARCH_PATHS = (
					"$(inherited)",
					"@executable_path/Frameworks",
					"@loader_path/Frameworks",
				);
				PRODUCT_BUNDLE_IDENTIFIER = ElementSoft.tableTestUITests;
				PRODUCT_NAME = "$(TARGET_NAME)";
				SWIFT_VERSION = 5.0;
				TARGETED_DEVICE_FAMILY = "1,2";
				TEST_TARGET_NAME = tableTest;
			};
			name = Release;
		};
/* End XCBuildConfiguration section */

/* Begin XCConfigurationList section */
		49A438302541EA5B0005ABBD /* Build configuration list for PBXProject "tableTest" */ = {
			isa = XCConfigurationList;
			buildConfigurations = (
				49A438602541EA5E0005ABBD /* Debug */,
				49A438612541EA5E0005ABBD /* Release */,
			);
			defaultConfigurationIsVisible = 0;
			defaultConfigurationName = Release;
		};
		49A438622541EA5E0005ABBD /* Build configuration list for PBXNativeTarget "tableTest" */ = {
			isa = XCConfigurationList;
			buildConfigurations = (
				49A438632541EA5E0005ABBD /* Debug */,
				49A438642541EA5E0005ABBD /* Release */,
			);
			defaultConfigurationIsVisible = 0;
			defaultConfigurationName = Release;
		};
		49A438652541EA5E0005ABBD /* Build configuration list for PBXNativeTarget "tableTestTests" */ = {
			isa = XCConfigurationList;
			buildConfigurations = (
				49A438662541EA5E0005ABBD /* Debug */,
				49A438672541EA5E0005ABBD /* Release */,
			);
			defaultConfigurationIsVisible = 0;
			defaultConfigurationName = Release;
		};
		49A438682541EA5E0005ABBD /* Build configuration list for PBXNativeTarget "tableTestUITests" */ = {
			isa = XCConfigurationList;
			buildConfigurations = (
				49A438692541EA5E0005ABBD /* Debug */,
				49A4386A2541EA5E0005ABBD /* Release */,
			);
			defaultConfigurationIsVisible = 0;
			defaultConfigurationName = Release;
		};
/* End XCConfigurationList section */

/* Begin XCVersionGroup section */
		49A438412541EA5C0005ABBD /* tableTest.xcdatamodeld */ = {
			isa = XCVersionGroup;
			children = (
				49A438422541EA5C0005ABBD /* tableTest.xcdatamodel */,
			);
			currentVersion = 49A438422541EA5C0005ABBD /* tableTest.xcdatamodel */;
			path = tableTest.xcdatamodeld;
			sourceTree = "<group>";
			versionGroupType = wrapper.xcdatamodel;
		};
/* End XCVersionGroup section */
	};
	rootObject = 49A4382D2541EA5B0005ABBD /* Project object */;
}
